
Microsoft Visual Studio Solution File, Format Version 12.00
# Visual Studio Version 16
VisualStudioVersion = 16.0.30011.22
MinimumVisualStudioVersion = 10.0.40219.1
Project("{9A19103F-16F7-4668-BE54-9A1E7A4F7556}") = "Razor.Sample", "Razor.Sample.csproj", "{50C11B84-C3E4-49D5-B1C2-3A58A46A3C7C}"
EndProject
Global
	GlobalSection(SolutionConfigurationPlatforms) = preSolution
		Debug|Any CPU = Debug|Any CPU
		Release|Any CPU = Release|Any CPU
	EndGlobalSection
	GlobalSection(ProjectConfigurationPlatforms) = postSolution
		{50C11B84-C3E4-49D5-B1C2-3A58A46A3C7C}.Debug|Any CPU.ActiveCfg = Debug|Any CPU
		{50C11B84-C3E4-49D5-B1C2-3A58A46A3C7C}.Debug|Any CPU.Build.0 = Debug|Any CPU
		{50C11B84-C3E4-49D5-B1C2-3A58A46A3C7C}.Release|Any CPU.ActiveCfg = Release|Any CPU
		{50C11B84-C3E4-49D5-B1C2-3A58A46A3C7C}.Release|Any CPU.Build.0 = Release|Any CPU
	EndGlobalSection
	GlobalSection(SolutionProperties) = preSolution
		HideSolutionNode = FALSE
	EndGlobalSection
	GlobalSection(ExtensibilityGlobals) = postSolution
		SolutionGuid = {E1B335B4-1504-486E-AF0D-6FDF8B2DA0E0}
	EndGlobalSection
EndGlobal
